
Microsoft Visual Studio Solution File, Format Version 12.00
# Visual Studio Version 17
VisualStudioVersion = 17.5.33414.496
MinimumVisualStudioVersion = 10.0.40219.1
Project("{FAE04EC0-301F-11D3-BF4B-00C04F79EFBC}") = "TestProject1", "TestProject1\TestProject1.csproj", "{4E0D9AA9-14E7-4184-A2CA-CF2F552F651C}"
EndProject
Global
	GlobalSection(SolutionConfigurationPlatforms) = preSolution
		Debug|Any CPU = Debug|Any CPU
		Release|Any CPU = Release|Any CPU
	EndGlobalSection
	GlobalSection(ProjectConfigurationPlatforms) = postSolution
		{4E0D9AA9-14E7-4184-A2CA-CF2F552F651C}.Debug|Any CPU.ActiveCfg = Debug|Any CPU
		{4E0D9AA9-14E7-4184-A2CA-CF2F552F651C}.Debug|Any CPU.Build.0 = Debug|Any CPU
		{4E0D9AA9-14E7-4184-A2CA-CF2F552F651C}.Release|Any CPU.ActiveCfg = Release|Any CPU
		{4E0D9AA9-14E7-4184-A2CA-CF2F552F651C}.Release|Any CPU.Build.0 = Release|Any CPU
	EndGlobalSection
	GlobalSection(SolutionProperties) = preSolution
		HideSolutionNode = FALSE
	EndGlobalSection
	GlobalSection(ExtensibilityGlobals) = postSolution
		SolutionGuid = {5D5460FE-88B6-434C-AB7D-3E62FA3C8110}
	EndGlobalSection
EndGlobal
